
Microsoft Visual Studio Solution File, Format Version 12.00
# Visual Studio Version 17
VisualStudioVersion = 17.0.32112.339
MinimumVisualStudioVersion = 10.0.40219.1
Project("{FAE04EC0-301F-11D3-BF4B-00C04F79EFBC}") = "AS2122_4H_INF_ContiDedja_SistemaNoleggi", "AS2122_4H_INF_ContiDedja_SistemaNoleggi\AS2122_4H_INF_ContiDedja_SistemaNoleggi.csproj", "{F3CE5A82-7D9D-4417-A248-865A409E955E}"
EndProject
Project("{FAE04EC0-301F-11D3-BF4B-00C04F79EFBC}") = "Noleggio_Library", "Noleggio_Library\Noleggio_Library.csproj", "{B7B53063-2340-4A4E-B9AF-6BF26B1EF092}"
EndProject
Global
	GlobalSection(SolutionConfigurationPlatforms) = preSolution
		Debug|Any CPU = Debug|Any CPU
		Release|Any CPU = Release|Any CPU
	EndGlobalSection
	GlobalSection(ProjectConfigurationPlatforms) = postSolution
		{F3CE5A82-7D9D-4417-A248-865A409E955E}.Debug|Any CPU.ActiveCfg = Debug|Any CPU
		{F3CE5A82-7D9D-4417-A248-865A409E955E}.Debug|Any CPU.Build.0 = Debug|Any CPU
		{F3CE5A82-7D9D-4417-A248-865A409E955E}.Release|Any CPU.ActiveCfg = Release|Any CPU
		{F3CE5A82-7D9D-4417-A248-865A409E955E}.Release|Any CPU.Build.0 = Release|Any CPU
		{B7B53063-2340-4A4E-B9AF-6BF26B1EF092}.Debug|Any CPU.ActiveCfg = Debug|Any CPU
		{B7B53063-2340-4A4E-B9AF-6BF26B1EF092}.Debug|Any CPU.Build.0 = Debug|Any CPU
		{B7B53063-2340-4A4E-B9AF-6BF26B1EF092}.Release|Any CPU.ActiveCfg = Release|Any CPU
		{B7B53063-2340-4A4E-B9AF-6BF26B1EF092}.Release|Any CPU.Build.0 = Release|Any CPU
	EndGlobalSection
	GlobalSection(SolutionProperties) = preSolution
		HideSolutionNode = FALSE
	EndGlobalSection
	GlobalSection(ExtensibilityGlobals) = postSolution
		SolutionGuid = {CE16F996-1752-4B96-82FC-786A4DDDCC05}
	EndGlobalSection
EndGlobal
